
Microsoft Visual Studio Solution File, Format Version 12.00
# Visual Studio Version 16
VisualStudioVersion = 16.0.30523.141
MinimumVisualStudioVersion = 10.0.40219.1
Project("{8BC9CEB8-8B4A-11D0-8D11-00A0C91BC942}") = "lab06", "lab06\lab06.vcxproj", "{0845E6DA-D81C-41D4-812F-15CB75F1E24C}"
EndProject
Global
	GlobalSection(SolutionConfigurationPlatforms) = preSolution
		Debug|x64 = Debug|x64
		Debug|x86 = Debug|x86
		Release|x64 = Release|x64
		Release|x86 = Release|x86
	EndGlobalSection
	GlobalSection(ProjectConfigurationPlatforms) = postSolution
		{0845E6DA-D81C-41D4-812F-15CB75F1E24C}.Debug|x64.ActiveCfg = Debug|x64
		{0845E6DA-D81C-41D4-812F-15CB75F1E24C}.Debug|x64.Build.0 = Debug|x64
		{0845E6DA-D81C-41D4-812F-15CB75F1E24C}.Debug|x86.ActiveCfg = Debug|Win32
		{0845E6DA-D81C-41D4-812F-15CB75F1E24C}.Debug|x86.Build.0 = Debug|Win32
		{0845E6DA-D81C-41D4-812F-15CB75F1E24C}.Release|x64.ActiveCfg = Release|x64
		{0845E6DA-D81C-41D4-812F-15CB75F1E24C}.Release|x64.Build.0 = Release|x64
		{0845E6DA-D81C-41D4-812F-15CB75F1E24C}.Release|x86.ActiveCfg = Release|Win32
		{0845E6DA-D81C-41D4-812F-15CB75F1E24C}.Release|x86.Build.0 = Release|Win32
	EndGlobalSection
	GlobalSection(SolutionProperties) = preSolution
		HideSolutionNode = FALSE
	EndGlobalSection
	GlobalSection(ExtensibilityGlobals) = postSolution
		SolutionGuid = {DD03F844-BB4A-4400-883B-C6E8FCA9603E}
	EndGlobalSection
EndGlobal
